
Microsoft Visual Studio Solution File, Format Version 12.00
# Visual Studio Version 17
VisualStudioVersion = 17.14.37328.6
MinimumVisualStudioVersion = 10.0.40219.1
Project("{FAE04EC0-301F-11D3-BF4B-00C04F79EFBC}") = "Cliente.JuegoAhorcado", "Cliente.JuegoAhorcado\Cliente.JuegoAhorcado.csproj", "{2ECA45CF-2722-4229-85B6-45B6D170C9BC}"
EndProject
Project("{FAE04EC0-301F-11D3-BF4B-00C04F79EFBC}") = "JuegoAhorcadoBlazorServer", "JuegoAhorcadoBlazorServer\JuegoAhorcadoBlazorServer.csproj", "{3B0CFC30-AF99-4A2E-8204-B0CF781C9D02}"
EndProject
Global
	GlobalSection(SolutionConfigurationPlatforms) = preSolution
		Debug|Any CPU = Debug|Any CPU
		Release|Any CPU = Release|Any CPU
	EndGlobalSection
	GlobalSection(ProjectConfigurationPlatforms) = postSolution
		{2ECA45CF-2722-4229-85B6-45B6D170C9BC}.Debug|Any CPU.ActiveCfg = Debug|Any CPU
		{2ECA45CF-2722-4229-85B6-45B6D170C9BC}.Debug|Any CPU.Build.0 = Debug|Any CPU
		{2ECA45CF-2722-4229-85B6-45B6D170C9BC}.Release|Any CPU.ActiveCfg = Release|Any CPU
		{2ECA45CF-2722-4229-85B6-45B6D170C9BC}.Release|Any CPU.Build.0 = Release|Any CPU
		{3B0CFC30-AF99-4A2E-8204-B0CF781C9D02}.Debug|Any CPU.ActiveCfg = Debug|Any CPU
		{3B0CFC30-AF99-4A2E-8204-B0CF781C9D02}.Debug|Any CPU.Build.0 = Debug|Any CPU
		{3B0CFC30-AF99-4A2E-8204-B0CF781C9D02}.Release|Any CPU.ActiveCfg = Release|Any CPU
		{3B0CFC30-AF99-4A2E-8204-B0CF781C9D02}.Release|Any CPU.Build.0 = Release|Any CPU
	EndGlobalSection
	GlobalSection(SolutionProperties) = preSolution
		HideSolutionNode = FALSE
	EndGlobalSection
	GlobalSection(ExtensibilityGlobals) = postSolution
		SolutionGuid = {C02FB767-AA61-4824-8AEE-8405C4011128}
	EndGlobalSection
EndGlobal
